<?xml version="1.0" encoding="UTF-8" standalone="yes" ?>
<CodeBlocks_project_file>
	<FileVersion major="1" minor="6" />
	<Project>
		<Option title="PatcherGUI" />
		<Option pch_mode="2" />
		<Option compiler="gcc" />
		<Build>
			<Target title="Debug">
				<Option output="bin/Debug/PatcherGUI" prefix_auto="1" extension_auto="1" />
				<Option object_output="obj/Debug/" />
				<Option type="0" />
				<Option compiler="gcc" />
				<Option projectLinkerOptionsRelation="2" />
			</Target>
			<Target title="Release">
				<Option output="bin/Release/PatcherGUI" prefix_auto="1" extension_auto="1" />
				<Option object_output="obj/Release/" />
				<Option type="0" />
				<Option compiler="gcc" />
				<Option projectLinkerOptionsRelation="2" />
				<Compiler>
					<Add option="-O2" />
					<Add option="-DNDEBUG" />
				</Compiler>
				<Linker>
					<Add option="-s" />
				</Linker>
			</Target>
		</Build>
		<Compiler>
			<Add option="-std=c++11" />
			<Add option="-Wall" />
			<Add option="`wx-config --cxxflags`" />
		</Compiler>
		<Linker>
			<Add option="`wx-config --libs std,richtext`" />
		</Linker>
		<Unit filename="PatcherGUIApp.cpp" />
		<Unit filename="PatcherGUIApp.h" />
		<Unit filename="PatcherGUIMain.cpp" />
		<Unit filename="PatcherGUIMain.h" />
		<Unit filename="SettingsDialog.cpp" />
		<Unit filename="SettingsDialog.h" />
		<Unit filename="ShowDebugLogDialog.cpp" />
		<Unit filename="ShowDebugLogDialog.h" />
		<Unit filename="ViewLog.cpp" />
		<Unit filename="ViewLog.h" />
		<Unit filename="resource.rc">
			<Option compilerVar="WINDRES" />
		</Unit>
		<Unit filename="wxsmith/PatcherGUIframe.wxs" />
		<Unit filename="wxsmith/SettingsDialog.wxs" />
		<Unit filename="wxsmith/ShowDebugLogDialog.wxs" />
		<Unit filename="wxsmith/ViewLog.wxs" />
		<Extensions>
			<code_completion />
			<envvars />
			<debugger />
			<wxsmith version="1">
				<gui name="wxWidgets" src="PatcherGUIApp.cpp" main="PatcherGUIFrame" init_handlers="necessary" language="CPP" />
				<resources>
					<wxFrame wxs="wxsmith/PatcherGUIframe.wxs" src="PatcherGUIMain.cpp" hdr="PatcherGUIMain.h" fwddecl="0" i18n="1" name="PatcherGUIFrame" language="CPP" />
					<wxDialog wxs="wxsmith/SettingsDialog.wxs" src="SettingsDialog.cpp" hdr="SettingsDialog.h" fwddecl="0" i18n="1" name="SettingsDialog" language="CPP" />
					<wxDialog wxs="wxsmith/ViewLog.wxs" src="ViewLog.cpp" hdr="ViewLog.h" fwddecl="0" i18n="1" name="ViewLog" language="CPP" />
					<wxDialog wxs="wxsmith/ShowDebugLogDialog.wxs" src="ShowDebugLogDialog.cpp" hdr="ShowDebugLogDialog.h" fwddecl="0" i18n="1" name="ShowDebugLogDialog" language="CPP" />
				</resources>
			</wxsmith>
			<DoxyBlocks>
				<comment_style block="0" line="0" />
				<doxyfile_project />
				<doxyfile_build />
				<doxyfile_warnings />
				<doxyfile_output />
				<doxyfile_dot />
				<general />
			</DoxyBlocks>
		</Extensions>
	</Project>
</CodeBlocks_project_file>
